
Microsoft Visual Studio Solution File, Format Version 12.00
Project("{2150E333-8FDC-42A3-9474-1A3956D46DE8}") = "src", "src", "{FA5B286C-1743-45E2-9EA0-4B133004A364}"
EndProject
Project("{FAE04EC0-301F-11D3-BF4B-00C04F79EFBC}") = "Api", "src\Api\Api.csproj", "{1017FCE2-8DA7-43FD-9B85-E036F4D5CCEE}"
EndProject
Project("{FAE04EC0-301F-11D3-BF4B-00C04F79EFBC}") = "Core", "src\Core\Core.csproj", "{527541DB-6568-4D67-AAC9-E85E688DBC52}"
EndProject
Project("{FAE04EC0-301F-11D3-BF4B-00C04F79EFBC}") = "Infrastructure", "src\Infrastructure\Infrastructure.csproj", "{39138714-7B65-467B-A323-4092ADEDECDD}"
EndProject
Project("{FAE04EC0-301F-11D3-BF4B-00C04F79EFBC}") = "UseCases", "src\UseCases\UseCases.csproj", "{90982733-0874-4AC9-A810-3589FD2619FE}"
EndProject
Project("{2150E333-8FDC-42A3-9474-1A3956D46DE8}") = "common", "common", "{36A959AD-077A-4FA0-8A0A-00CBD637B28D}"
EndProject
Project("{FAE04EC0-301F-11D3-BF4B-00C04F79EFBC}") = "SharedKernel", "src\common\SharedKernel\SharedKernel.csproj", "{2F720281-748B-413D-BD60-86A35967EBB4}"
EndProject
Project("{2150E333-8FDC-42A3-9474-1A3956D46DE8}") = "tests", "tests", "{FE74A325-F3F8-4DB5-A694-B1B5FF5D577E}"
EndProject
Project("{FAE04EC0-301F-11D3-BF4B-00C04F79EFBC}") = "Tests.Infrastructure", "tests\Tests.Infrastructure\Tests.Infrastructure.csproj", "{9ADCB7D4-A063-42EC-A4E5-9E7DCF1EBC6D}"
EndProject
Global
	GlobalSection(SolutionConfigurationPlatforms) = preSolution
		Debug|Any CPU = Debug|Any CPU
		Release|Any CPU = Release|Any CPU
	EndGlobalSection
	GlobalSection(ProjectConfigurationPlatforms) = postSolution
		{1017FCE2-8DA7-43FD-9B85-E036F4D5CCEE}.Debug|Any CPU.ActiveCfg = Debug|Any CPU
		{1017FCE2-8DA7-43FD-9B85-E036F4D5CCEE}.Debug|Any CPU.Build.0 = Debug|Any CPU
		{1017FCE2-8DA7-43FD-9B85-E036F4D5CCEE}.Release|Any CPU.ActiveCfg = Release|Any CPU
		{1017FCE2-8DA7-43FD-9B85-E036F4D5CCEE}.Release|Any CPU.Build.0 = Release|Any CPU
		{527541DB-6568-4D67-AAC9-E85E688DBC52}.Debug|Any CPU.ActiveCfg = Debug|Any CPU
		{527541DB-6568-4D67-AAC9-E85E688DBC52}.Debug|Any CPU.Build.0 = Debug|Any CPU
		{527541DB-6568-4D67-AAC9-E85E688DBC52}.Release|Any CPU.ActiveCfg = Release|Any CPU
		{527541DB-6568-4D67-AAC9-E85E688DBC52}.Release|Any CPU.Build.0 = Release|Any CPU
		{39138714-7B65-467B-A323-4092ADEDECDD}.Debug|Any CPU.ActiveCfg = Debug|Any CPU
		{39138714-7B65-467B-A323-4092ADEDECDD}.Debug|Any CPU.Build.0 = Debug|Any CPU
		{39138714-7B65-467B-A323-4092ADEDECDD}.Release|Any CPU.ActiveCfg = Release|Any CPU
		{39138714-7B65-467B-A323-4092ADEDECDD}.Release|Any CPU.Build.0 = Release|Any CPU
		{90982733-0874-4AC9-A810-3589FD2619FE}.Debug|Any CPU.ActiveCfg = Debug|Any CPU
		{90982733-0874-4AC9-A810-3589FD2619FE}.Debug|Any CPU.Build.0 = Debug|Any CPU
		{90982733-0874-4AC9-A810-3589FD2619FE}.Release|Any CPU.ActiveCfg = Release|Any CPU
		{90982733-0874-4AC9-A810-3589FD2619FE}.Release|Any CPU.Build.0 = Release|Any CPU
		{2F720281-748B-413D-BD60-86A35967EBB4}.Debug|Any CPU.ActiveCfg = Debug|Any CPU
		{2F720281-748B-413D-BD60-86A35967EBB4}.Debug|Any CPU.Build.0 = Debug|Any CPU
		{2F720281-748B-413D-BD60-86A35967EBB4}.Release|Any CPU.ActiveCfg = Release|Any CPU
		{2F720281-748B-413D-BD60-86A35967EBB4}.Release|Any CPU.Build.0 = Release|Any CPU
		{9ADCB7D4-A063-42EC-A4E5-9E7DCF1EBC6D}.Debug|Any CPU.ActiveCfg = Debug|Any CPU
		{9ADCB7D4-A063-42EC-A4E5-9E7DCF1EBC6D}.Debug|Any CPU.Build.0 = Debug|Any CPU
		{9ADCB7D4-A063-42EC-A4E5-9E7DCF1EBC6D}.Release|Any CPU.ActiveCfg = Release|Any CPU
		{9ADCB7D4-A063-42EC-A4E5-9E7DCF1EBC6D}.Release|Any CPU.Build.0 = Release|Any CPU
	EndGlobalSection
	GlobalSection(NestedProjects) = preSolution
		{1017FCE2-8DA7-43FD-9B85-E036F4D5CCEE} = {FA5B286C-1743-45E2-9EA0-4B133004A364}
		{527541DB-6568-4D67-AAC9-E85E688DBC52} = {FA5B286C-1743-45E2-9EA0-4B133004A364}
		{39138714-7B65-467B-A323-4092ADEDECDD} = {FA5B286C-1743-45E2-9EA0-4B133004A364}
		{90982733-0874-4AC9-A810-3589FD2619FE} = {FA5B286C-1743-45E2-9EA0-4B133004A364}
		{36A959AD-077A-4FA0-8A0A-00CBD637B28D} = {FA5B286C-1743-45E2-9EA0-4B133004A364}
		{2F720281-748B-413D-BD60-86A35967EBB4} = {36A959AD-077A-4FA0-8A0A-00CBD637B28D}
		{9ADCB7D4-A063-42EC-A4E5-9E7DCF1EBC6D} = {FE74A325-F3F8-4DB5-A694-B1B5FF5D577E}
	EndGlobalSection
EndGlobal
